
Microsoft Visual Studio Solution File, Format Version 12.00
Project("{FAE04EC0-301F-11D3-BF4B-00C04F79EFBC}") = "Lab4A", "Lab4A\Lab4A\Lab4A.csproj", "{3AC57297-EBF3-44BE-8129-C4D2335EF3CD}"
EndProject
Project("{FAE04EC0-301F-11D3-BF4B-00C04F79EFBC}") = "Lab4A.Android", "Lab4A\Lab4A.Android\Lab4A.Android.csproj", "{C6FD8C32-8A36-4618-96FE-261AEBDD7FDB}"
EndProject
Project("{FAE04EC0-301F-11D3-BF4B-00C04F79EFBC}") = "Lab4A.iOS", "Lab4A\Lab4A.iOS\Lab4A.iOS.csproj", "{2F72331E-7C09-4861-8352-5E98338B9D5F}"
EndProject
Global
	GlobalSection(SolutionConfigurationPlatforms) = preSolution
		Ad-Hoc|iPhone = Ad-Hoc|iPhone
		AppStore|iPhone = AppStore|iPhone
		Debug|Any CPU = Debug|Any CPU
		Debug|iPhone = Debug|iPhone
		Debug|iPhoneSimulator = Debug|iPhoneSimulator
		Release|Any CPU = Release|Any CPU
		Release|iPhone = Release|iPhone
		Release|iPhoneSimulator = Release|iPhoneSimulator
	EndGlobalSection
	GlobalSection(ProjectConfigurationPlatforms) = postSolution
		{3AC57297-EBF3-44BE-8129-C4D2335EF3CD}.Ad-Hoc|iPhone.ActiveCfg = Debug|Any CPU
		{3AC57297-EBF3-44BE-8129-C4D2335EF3CD}.Ad-Hoc|iPhone.Build.0 = Debug|Any CPU
		{3AC57297-EBF3-44BE-8129-C4D2335EF3CD}.AppStore|iPhone.ActiveCfg = Debug|Any CPU
		{3AC57297-EBF3-44BE-8129-C4D2335EF3CD}.AppStore|iPhone.Build.0 = Debug|Any CPU
		{3AC57297-EBF3-44BE-8129-C4D2335EF3CD}.Debug|Any CPU.ActiveCfg = Debug|Any CPU
		{3AC57297-EBF3-44BE-8129-C4D2335EF3CD}.Debug|Any CPU.Build.0 = Debug|Any CPU
		{3AC57297-EBF3-44BE-8129-C4D2335EF3CD}.Debug|iPhone.ActiveCfg = Debug|Any CPU
		{3AC57297-EBF3-44BE-8129-C4D2335EF3CD}.Debug|iPhone.Build.0 = Debug|Any CPU
		{3AC57297-EBF3-44BE-8129-C4D2335EF3CD}.Debug|iPhoneSimulator.ActiveCfg = Debug|Any CPU
		{3AC57297-EBF3-44BE-8129-C4D2335EF3CD}.Debug|iPhoneSimulator.Build.0 = Debug|Any CPU
		{3AC57297-EBF3-44BE-8129-C4D2335EF3CD}.Release|Any CPU.ActiveCfg = Release|Any CPU
		{3AC57297-EBF3-44BE-8129-C4D2335EF3CD}.Release|Any CPU.Build.0 = Release|Any CPU
		{3AC57297-EBF3-44BE-8129-C4D2335EF3CD}.Release|iPhone.ActiveCfg = Release|Any CPU
		{3AC57297-EBF3-44BE-8129-C4D2335EF3CD}.Release|iPhone.Build.0 = Release|Any CPU
		{3AC57297-EBF3-44BE-8129-C4D2335EF3CD}.Release|iPhoneSimulator.ActiveCfg = Release|Any CPU
		{3AC57297-EBF3-44BE-8129-C4D2335EF3CD}.Release|iPhoneSimulator.Build.0 = Release|Any CPU
		{C6FD8C32-8A36-4618-96FE-261AEBDD7FDB}.Ad-Hoc|iPhone.ActiveCfg = Debug|Any CPU
		{C6FD8C32-8A36-4618-96FE-261AEBDD7FDB}.Ad-Hoc|iPhone.Build.0 = Debug|Any CPU
		{C6FD8C32-8A36-4618-96FE-261AEBDD7FDB}.Ad-Hoc|iPhone.Deploy.0 = Debug|Any CPU
		{C6FD8C32-8A36-4618-96FE-261AEBDD7FDB}.AppStore|iPhone.ActiveCfg = Debug|Any CPU
		{C6FD8C32-8A36-4618-96FE-261AEBDD7FDB}.AppStore|iPhone.Build.0 = Debug|Any CPU
		{C6FD8C32-8A36-4618-96FE-261AEBDD7FDB}.AppStore|iPhone.Deploy.0 = Debug|Any CPU
		{C6FD8C32-8A36-4618-96FE-261AEBDD7FDB}.Debug|Any CPU.ActiveCfg = Debug|Any CPU
		{C6FD8C32-8A36-4618-96FE-261AEBDD7FDB}.Debug|Any CPU.Build.0 = Debug|Any CPU
		{C6FD8C32-8A36-4618-96FE-261AEBDD7FDB}.Debug|Any CPU.Deploy.0 = Debug|Any CPU
		{C6FD8C32-8A36-4618-96FE-261AEBDD7FDB}.Debug|iPhone.ActiveCfg = Debug|Any CPU
		{C6FD8C32-8A36-4618-96FE-261AEBDD7FDB}.Debug|iPhone.Build.0 = Debug|Any CPU
		{C6FD8C32-8A36-4618-96FE-261AEBDD7FDB}.Debug|iPhone.Deploy.0 = Debug|Any CPU
		{C6FD8C32-8A36-4618-96FE-261AEBDD7FDB}.Debug|iPhoneSimulator.ActiveCfg = Debug|Any CPU
		{C6FD8C32-8A36-4618-96FE-261AEBDD7FDB}.Debug|iPhoneSimulator.Build.0 = Debug|Any CPU
		{C6FD8C32-8A36-4618-96FE-261AEBDD7FDB}.Debug|iPhoneSimulator.Deploy.0 = Debug|Any CPU
		{C6FD8C32-8A36-4618-96FE-261AEBDD7FDB}.Release|Any CPU.ActiveCfg = Release|Any CPU
		{C6FD8C32-8A36-4618-96FE-261AEBDD7FDB}.Release|Any CPU.Build.0 = Release|Any CPU
		{C6FD8C32-8A36-4618-96FE-261AEBDD7FDB}.Release|Any CPU.Deploy.0 = Release|Any CPU
		{C6FD8C32-8A36-4618-96FE-261AEBDD7FDB}.Release|iPhone.ActiveCfg = Release|Any CPU
		{C6FD8C32-8A36-4618-96FE-261AEBDD7FDB}.Release|iPhone.Build.0 = Release|Any CPU
		{C6FD8C32-8A36-4618-96FE-261AEBDD7FDB}.Release|iPhone.Deploy.0 = Release|Any CPU
		{C6FD8C32-8A36-4618-96FE-261AEBDD7FDB}.Release|iPhoneSimulator.ActiveCfg = Release|Any CPU
		{C6FD8C32-8A36-4618-96FE-261AEBDD7FDB}.Release|iPhoneSimulator.Build.0 = Release|Any CPU
		{C6FD8C32-8A36-4618-96FE-261AEBDD7FDB}.Release|iPhoneSimulator.Deploy.0 = Release|Any CPU
		{2F72331E-7C09-4861-8352-5E98338B9D5F}.Ad-Hoc|iPhone.ActiveCfg = Ad-Hoc|iPhone
		{2F72331E-7C09-4861-8352-5E98338B9D5F}.Ad-Hoc|iPhone.Build.0 = Ad-Hoc|iPhone
		{2F72331E-7C09-4861-8352-5E98338B9D5F}.Ad-Hoc|iPhone.Deploy.0 = Ad-Hoc|iPhone
		{2F72331E-7C09-4861-8352-5E98338B9D5F}.AppStore|iPhone.ActiveCfg = AppStore|iPhone
		{2F72331E-7C09-4861-8352-5E98338B9D5F}.AppStore|iPhone.Build.0 = AppStore|iPhone
		{2F72331E-7C09-4861-8352-5E98338B9D5F}.AppStore|iPhone.Deploy.0 = AppStore|iPhone
		{2F72331E-7C09-4861-8352-5E98338B9D5F}.Debug|Any CPU.ActiveCfg = Debug|iPhoneSimulator
		{2F72331E-7C09-4861-8352-5E98338B9D5F}.Debug|Any CPU.Build.0 = Debug|iPhoneSimulator
		{2F72331E-7C09-4861-8352-5E98338B9D5F}.Debug|Any CPU.Deploy.0 = Debug|iPhoneSimulator
		{2F72331E-7C09-4861-8352-5E98338B9D5F}.Debug|iPhone.ActiveCfg = Debug|iPhone
		{2F72331E-7C09-4861-8352-5E98338B9D5F}.Debug|iPhone.Build.0 = Debug|iPhone
		{2F72331E-7C09-4861-8352-5E98338B9D5F}.Debug|iPhone.Deploy.0 = Debug|iPhone
		{2F72331E-7C09-4861-8352-5E98338B9D5F}.Debug|iPhoneSimulator.ActiveCfg = Debug|iPhoneSimulator
		{2F72331E-7C09-4861-8352-5E98338B9D5F}.Debug|iPhoneSimulator.Build.0 = Debug|iPhoneSimulator
		{2F72331E-7C09-4861-8352-5E98338B9D5F}.Debug|iPhoneSimulator.Deploy.0 = Debug|iPhoneSimulator
		{2F72331E-7C09-4861-8352-5E98338B9D5F}.Release|Any CPU.ActiveCfg = Release|iPhoneSimulator
		{2F72331E-7C09-4861-8352-5E98338B9D5F}.Release|Any CPU.Build.0 = Release|iPhoneSimulator
		{2F72331E-7C09-4861-8352-5E98338B9D5F}.Release|Any CPU.Deploy.0 = Release|iPhoneSimulator
		{2F72331E-7C09-4861-8352-5E98338B9D5F}.Release|iPhone.ActiveCfg = Release|iPhone
		{2F72331E-7C09-4861-8352-5E98338B9D5F}.Release|iPhone.Build.0 = Release|iPhone
		{2F72331E-7C09-4861-8352-5E98338B9D5F}.Release|iPhone.Deploy.0 = Release|iPhone
		{2F72331E-7C09-4861-8352-5E98338B9D5F}.Release|iPhoneSimulator.ActiveCfg = Release|iPhoneSimulator
		{2F72331E-7C09-4861-8352-5E98338B9D5F}.Release|iPhoneSimulator.Build.0 = Release|iPhoneSimulator
		{2F72331E-7C09-4861-8352-5E98338B9D5F}.Release|iPhoneSimulator.Deploy.0 = Release|iPhoneSimulator
	EndGlobalSection
EndGlobal
